
Microsoft Visual Studio Solution File, Format Version 12.00
# Visual Studio Version 17
VisualStudioVersion = 17.7.34009.444
MinimumVisualStudioVersion = 10.0.40219.1
Project("{FAE04EC0-301F-11D3-BF4B-00C04F79EFBC}") = "GOL.Services", "GOL.Services\GOL.Services.csproj", "{DC3049FE-D614-4976-965B-55B21385B311}"
EndProject
Project("{FAE04EC0-301F-11D3-BF4B-00C04F79EFBC}") = "GOL.Utilities", "GOL.Utilities\GOL.Utilities.csproj", "{B55188D5-8D0C-43B3-86AB-EA50EFC8714E}"
EndProject
Project("{FAE04EC0-301F-11D3-BF4B-00C04F79EFBC}") = "GOL.API", "GOL.API\GOL.API.csproj", "{C624869E-1922-48E2-9410-8E24E6A964A7}"
EndProject
Project("{FAE04EC0-301F-11D3-BF4B-00C04F79EFBC}") = "GOL.Entities", "GOL.Entities\GOL.Entities.csproj", "{3A9A225E-02DE-4E18-8558-597EF710B17A}"
EndProject
Project("{FAE04EC0-301F-11D3-BF4B-00C04F79EFBC}") = "GOL.DataAccess", "GOL.DataAccess\GOL.DataAccess.csproj", "{1AA3C99A-47BD-48BD-9C5F-7B6758D1571C}"
EndProject
Global
	GlobalSection(SolutionConfigurationPlatforms) = preSolution
		Debug|Any CPU = Debug|Any CPU
		Release|Any CPU = Release|Any CPU
	EndGlobalSection
	GlobalSection(ProjectConfigurationPlatforms) = postSolution
		{DC3049FE-D614-4976-965B-55B21385B311}.Debug|Any CPU.ActiveCfg = Debug|Any CPU
		{DC3049FE-D614-4976-965B-55B21385B311}.Debug|Any CPU.Build.0 = Debug|Any CPU
		{DC3049FE-D614-4976-965B-55B21385B311}.Release|Any CPU.ActiveCfg = Release|Any CPU
		{DC3049FE-D614-4976-965B-55B21385B311}.Release|Any CPU.Build.0 = Release|Any CPU
		{B55188D5-8D0C-43B3-86AB-EA50EFC8714E}.Debug|Any CPU.ActiveCfg = Debug|Any CPU
		{B55188D5-8D0C-43B3-86AB-EA50EFC8714E}.Debug|Any CPU.Build.0 = Debug|Any CPU
		{B55188D5-8D0C-43B3-86AB-EA50EFC8714E}.Release|Any CPU.ActiveCfg = Release|Any CPU
		{B55188D5-8D0C-43B3-86AB-EA50EFC8714E}.Release|Any CPU.Build.0 = Release|Any CPU
		{C624869E-1922-48E2-9410-8E24E6A964A7}.Debug|Any CPU.ActiveCfg = Debug|Any CPU
		{C624869E-1922-48E2-9410-8E24E6A964A7}.Debug|Any CPU.Build.0 = Debug|Any CPU
		{C624869E-1922-48E2-9410-8E24E6A964A7}.Release|Any CPU.ActiveCfg = Release|Any CPU
		{C624869E-1922-48E2-9410-8E24E6A964A7}.Release|Any CPU.Build.0 = Release|Any CPU
		{3A9A225E-02DE-4E18-8558-597EF710B17A}.Debug|Any CPU.ActiveCfg = Debug|Any CPU
		{3A9A225E-02DE-4E18-8558-597EF710B17A}.Debug|Any CPU.Build.0 = Debug|Any CPU
		{3A9A225E-02DE-4E18-8558-597EF710B17A}.Release|Any CPU.ActiveCfg = Release|Any CPU
		{3A9A225E-02DE-4E18-8558-597EF710B17A}.Release|Any CPU.Build.0 = Release|Any CPU
		{1AA3C99A-47BD-48BD-9C5F-7B6758D1571C}.Debug|Any CPU.ActiveCfg = Debug|Any CPU
		{1AA3C99A-47BD-48BD-9C5F-7B6758D1571C}.Debug|Any CPU.Build.0 = Debug|Any CPU
		{1AA3C99A-47BD-48BD-9C5F-7B6758D1571C}.Release|Any CPU.ActiveCfg = Release|Any CPU
		{1AA3C99A-47BD-48BD-9C5F-7B6758D1571C}.Release|Any CPU.Build.0 = Release|Any CPU
	EndGlobalSection
	GlobalSection(SolutionProperties) = preSolution
		HideSolutionNode = FALSE
	EndGlobalSection
	GlobalSection(ExtensibilityGlobals) = postSolution
		SolutionGuid = {B8FA08D1-E143-4F50-8205-0DFEDE203E59}
	EndGlobalSection
EndGlobal
